
Microsoft Visual Studio Solution File, Format Version 12.00
Project("{FAE04EC0-301F-11D3-BF4B-00C04F79EFBC}") = "LadaEngine", "src\LadaEngine\LadaEngine.csproj", "{B06858D8-181C-4B0A-833A-D263E384E679}"
EndProject
Project("{FAE04EC0-301F-11D3-BF4B-00C04F79EFBC}") = "MovingImage", "examples\MovingImage\MovingImage.csproj", "{B3582794-BFEE-49F7-97B2-E464F319B14E}"
EndProject
Project("{FAE04EC0-301F-11D3-BF4B-00C04F79EFBC}") = "Pong", "examples\Pong\Pong.csproj", "{8A9B8EA9-523B-4902-ACEE-50FC6775E9F0}"
EndProject
Project("{FAE04EC0-301F-11D3-BF4B-00C04F79EFBC}") = "MovingCamera", "examples\MovingCamera\MovingCamera.csproj", "{53820F88-DB86-46EA-8E50-C9E340F50FA8}"
EndProject
Global
	GlobalSection(SolutionConfigurationPlatforms) = preSolution
		Debug|Any CPU = Debug|Any CPU
		Release|Any CPU = Release|Any CPU
	EndGlobalSection
	GlobalSection(ProjectConfigurationPlatforms) = postSolution
		{B06858D8-181C-4B0A-833A-D263E384E679}.Debug|Any CPU.ActiveCfg = Debug|Any CPU
		{B06858D8-181C-4B0A-833A-D263E384E679}.Debug|Any CPU.Build.0 = Debug|Any CPU
		{B06858D8-181C-4B0A-833A-D263E384E679}.Release|Any CPU.ActiveCfg = Release|Any CPU
		{B06858D8-181C-4B0A-833A-D263E384E679}.Release|Any CPU.Build.0 = Release|Any CPU
		{B3582794-BFEE-49F7-97B2-E464F319B14E}.Debug|Any CPU.ActiveCfg = Debug|Any CPU
		{B3582794-BFEE-49F7-97B2-E464F319B14E}.Debug|Any CPU.Build.0 = Debug|Any CPU
		{B3582794-BFEE-49F7-97B2-E464F319B14E}.Release|Any CPU.ActiveCfg = Release|Any CPU
		{B3582794-BFEE-49F7-97B2-E464F319B14E}.Release|Any CPU.Build.0 = Release|Any CPU
		{8A9B8EA9-523B-4902-ACEE-50FC6775E9F0}.Debug|Any CPU.ActiveCfg = Debug|Any CPU
		{8A9B8EA9-523B-4902-ACEE-50FC6775E9F0}.Debug|Any CPU.Build.0 = Debug|Any CPU
		{8A9B8EA9-523B-4902-ACEE-50FC6775E9F0}.Release|Any CPU.ActiveCfg = Release|Any CPU
		{8A9B8EA9-523B-4902-ACEE-50FC6775E9F0}.Release|Any CPU.Build.0 = Release|Any CPU
		{53820F88-DB86-46EA-8E50-C9E340F50FA8}.Debug|Any CPU.ActiveCfg = Debug|Any CPU
		{53820F88-DB86-46EA-8E50-C9E340F50FA8}.Debug|Any CPU.Build.0 = Debug|Any CPU
		{53820F88-DB86-46EA-8E50-C9E340F50FA8}.Release|Any CPU.ActiveCfg = Release|Any CPU
		{53820F88-DB86-46EA-8E50-C9E340F50FA8}.Release|Any CPU.Build.0 = Release|Any CPU
	EndGlobalSection
EndGlobal
